{
  "name": "twitter-api-npm",
  "version": "1.0.0",
  "lockfileVersion": 3,
  "requires": true,
  "packages": {
    "": {
      "name": "twitter-api-npm",
      "version": "1.0.0",
      "license": "ISC",
      "dependencies": {
        "twitter-api-v2": "^1.17.2"
      }
    },
    "node_modules/twitter-api-v2": {
      "version": "1.17.2",
      "resolved": "https://registry.npmjs.org/twitter-api-v2/-/twitter-api-v2-1.17.2.tgz",
      "integrity": "sha512-V8QvCkuQ+ydIakwYbVC4cuQxGlvjdRZI0L7TT5v9zGsf+SwX40rv3IFRHB8Z1cXJLcRFT0FI3xG3/f4zwS6cRA==",
      "license": "Apache-2.0"
    }
  }
}
